
Microsoft Visual Studio Solution File, Format Version 12.00
# Visual Studio Version 17
VisualStudioVersion = 17.14.36518.9
MinimumVisualStudioVersion = 10.0.40219.1
Project("{FAE04EC0-301F-11D3-BF4B-00C04F79EFBC}") = "CFCP.Module", "CFCP.Module\CFCP.Module.csproj", "{F4072A2E-3680-2F49-471A-178C8F673922}"
EndProject
Project("{FAE04EC0-301F-11D3-BF4B-00C04F79EFBC}") = "CFCP.Blazor.Server", "CFCP.Blazor.Server\CFCP.Blazor.Server.csproj", "{457E56C7-385E-CB93-5EAD-7EADDD36B3A6}"
EndProject
Global
	GlobalSection(SolutionConfigurationPlatforms) = preSolution
		Debug|Any CPU = Debug|Any CPU
		EasyTest|Any CPU = EasyTest|Any CPU
		Release|Any CPU = Release|Any CPU
	EndGlobalSection
	GlobalSection(ProjectConfigurationPlatforms) = postSolution
		{F4072A2E-3680-2F49-471A-178C8F673922}.Debug|Any CPU.ActiveCfg = Debug|Any CPU
		{F4072A2E-3680-2F49-471A-178C8F673922}.Debug|Any CPU.Build.0 = Debug|Any CPU
		{F4072A2E-3680-2F49-471A-178C8F673922}.EasyTest|Any CPU.ActiveCfg = EasyTest|Any CPU
		{F4072A2E-3680-2F49-471A-178C8F673922}.EasyTest|Any CPU.Build.0 = EasyTest|Any CPU
		{F4072A2E-3680-2F49-471A-178C8F673922}.Release|Any CPU.ActiveCfg = Release|Any CPU
		{F4072A2E-3680-2F49-471A-178C8F673922}.Release|Any CPU.Build.0 = Release|Any CPU
		{457E56C7-385E-CB93-5EAD-7EADDD36B3A6}.Debug|Any CPU.ActiveCfg = Debug|Any CPU
		{457E56C7-385E-CB93-5EAD-7EADDD36B3A6}.Debug|Any CPU.Build.0 = Debug|Any CPU
		{457E56C7-385E-CB93-5EAD-7EADDD36B3A6}.EasyTest|Any CPU.ActiveCfg = EasyTest|Any CPU
		{457E56C7-385E-CB93-5EAD-7EADDD36B3A6}.EasyTest|Any CPU.Build.0 = EasyTest|Any CPU
		{457E56C7-385E-CB93-5EAD-7EADDD36B3A6}.Release|Any CPU.ActiveCfg = Release|Any CPU
		{457E56C7-385E-CB93-5EAD-7EADDD36B3A6}.Release|Any CPU.Build.0 = Release|Any CPU
	EndGlobalSection
	GlobalSection(SolutionProperties) = preSolution
		HideSolutionNode = FALSE
	EndGlobalSection
	GlobalSection(ExtensibilityGlobals) = postSolution
		SolutionGuid = {25E0902F-D821-452F-A153-75D08613A0E6}
	EndGlobalSection
EndGlobal
